// !$*UTF8*$!
{
	archiveVersion = 1;
	classes = {
	};
	objectVersion = 50;
	objects = {

/* Begin PBXBuildFile section */
		FCB1250724F4ECAF004C5527 /* AppDelegate.swift in Sources */ = {isa = PBXBuildFile; fileRef = FCB1250624F4ECAF004C5527 /* AppDelegate.swift */; };
		FCB1250924F4ECAF004C5527 /* SceneDelegate.swift in Sources */ = {isa = PBXBuildFile; fileRef = FCB1250824F4ECAF004C5527 /* SceneDelegate.swift */; };
		FCB1250B24F4ECAF004C5527 /* ViewController.swift in Sources */ = {isa = PBXBuildFile; fileRef = FCB1250A24F4ECAF004C5527 /* ViewController.swift */; };
		FCB1250E24F4ECAF004C5527 /* Main.storyboard in Resources */ = {isa = PBXBuildFile; fileRef = FCB1250C24F4ECAF004C5527 /* Main.storyboard */; };
		FCB1251024F4ECB0004C5527 /* Assets.xcassets in Resources */ = {isa = PBXBuildFile; fileRef = FCB1250F24F4ECB0004C5527 /* Assets.xcassets */; };
		FCB1251324F4ECB0004C5527 /* LaunchScreen.storyboard in Resources */ = {isa = PBXBuildFile; fileRef = FCB1251124F4ECB0004C5527 /* LaunchScreen.storyboard */; };
		FCB1251B24F4EECC004C5527 /* IkinciViewController.swift in Sources */ = {isa = PBXBuildFile; fileRef = FCB1251A24F4EECC004C5527 /* IkinciViewController.swift */; };
/* End PBXBuildFile section */

/* Begin PBXFileReference section */
		FCB1250324F4ECAF004C5527 /* ViewControllerProjesi.app */ = {isa = PBXFileReference; explicitFileType = wrapper.application; includeInIndex = 0; path = ViewControllerProjesi.app; sourceTree = BUILT_PRODUCTS_DIR; };
		FCB1250624F4ECAF004C5527 /* AppDelegate.swift */ = {isa = PBXFileReference; lastKnownFileType = sourcecode.swift; path = AppDelegate.swift; sourceTree = "<group>"; };
		FCB1250824F4ECAF004C5527 /* SceneDelegate.swift */ = {isa = PBXFileReference; lastKnownFileType = sourcecode.swift; path = SceneDelegate.swift; sourceTree = "<group>"; };
		FCB1250A24F4ECAF004C5527 /* ViewController.swift */ = {isa = PBXFileReference; lastKnownFileType = sourcecode.swift; path = ViewController.swift; sourceTree = "<group>"; };
		FCB1250D24F4ECAF004C5527 /* Base */ = {isa = PBXFileReference; lastKnownFileType = file.storyboard; name = Base; path = Base.lproj/Main.storyboard; sourceTree = "<group>"; };
		FCB1250F24F4ECB0004C5527 /* Assets.xcassets */ = {isa = PBXFileReference; lastKnownFileType = folder.assetcatalog; path = Assets.xcassets; sourceTree = "<group>"; };
		FCB1251224F4ECB0004C5527 /* Base */ = {isa = PBXFileReference; lastKnownFileType = file.storyboard; name = Base; path = Base.lproj/LaunchScreen.storyboard; sourceTree = "<group>"; };
		FCB1251424F4ECB0004C5527 /* Info.plist */ = {isa = PBXFileReference; lastKnownFileType = text.plist.xml; path = Info.plist; sourceTree = "<group>"; };
		FCB1251A24F4EECC004C5527 /* IkinciViewController.swift */ = {isa = PBXFileReference; lastKnownFileType = sourcecode.swift; path = IkinciViewController.swift; sourceTree = "<group>"; };
/* End PBXFileReference section */

/* Begin PBXFrameworksBuildPhase section */
		FCB1250024F4ECAF004C5527 /* Frameworks */ = {
			isa = PBXFrameworksBuildPhase;
			buildActionMask = 2147483647;
			files = (
			);
			runOnlyForDeploymentPostprocessing = 0;
		};
/* End PBXFrameworksBuildPhase section */

/* Begin PBXGroup section */
		FCB124FA24F4ECAF004C5527 = {
			isa = PBXGroup;
			children = (
				FCB1250524F4ECAF004C5527 /* ViewControllerProjesi */,
				FCB1250424F4ECAF004C5527 /* Products */,
			);
			sourceTree = "<group>";
		};
		FCB1250424F4ECAF004C5527 /* Products */ = {
			isa = PBXGroup;
			children = (
				FCB1250324F4ECAF004C5527 /* ViewControllerProjesi.app */,
			);
			name = Products;
			sourceTree = "<group>";
		};
		FCB1250524F4ECAF004C5527 /* ViewControllerProjesi */ = {
			isa = PBXGroup;
			children = (
				FCB1250624F4ECAF004C5527 /* AppDelegate.swift */,
				FCB1250824F4ECAF004C5527 /* SceneDelegate.swift */,
				FCB1250A24F4ECAF004C5527 /* ViewController.swift */,
				FCB1251A24F4EECC004C5527 /* IkinciViewController.swift */,
				FCB1250C24F4ECAF004C5527 /* Main.storyboard */,
				FCB1250F24F4ECB0004C5527 /* Assets.xcassets */,
				FCB1251124F4ECB0004C5527 /* LaunchScreen.storyboard */,
				FCB1251424F4ECB0004C5527 /* Info.plist */,
			);
			path = ViewControllerProjesi;
			sourceTree = "<group>";
		};
/* End PBXGroup section */

/* Begin PBXNativeTarget section */
		FCB1250224F4ECAF004C5527 /* ViewControllerProjesi */ = {
			isa = PBXNativeTarget;
			buildConfigurationList = FCB1251724F4ECB0004C5527 /* Build configuration list for PBXNativeTarget "ViewControllerProjesi" */;
			buildPhases = (
				FCB124FF24F4ECAF004C5527 /* Sources */,
				FCB1250024F4ECAF004C5527 /* Frameworks */,
				FCB1250124F4ECAF004C5527 /* Resources */,
			);
			buildRules = (
			);
			dependencies = (
			);
			name = ViewControllerProjesi;
			productName = ViewControllerProjesi;
			productReference = FCB1250324F4ECAF004C5527 /* ViewControllerProjesi.app */;
			productType = "com.apple.product-type.application";
		};
/* End PBXNativeTarget section */

/* Begin PBXProject section */
		FCB124FB24F4ECAF004C5527 /* Project object */ = {
			isa = PBXProject;
			attributes = {
				LastSwiftUpdateCheck = 1200;
				LastUpgradeCheck = 1200;
				TargetAttributes = {
					FCB1250224F4ECAF004C5527 = {
						CreatedOnToolsVersion = 12.0;
					};
				};
			};
			buildConfigurationList = FCB124FE24F4ECAF004C5527 /* Build configuration list for PBXProject "ViewControllerProjesi" */;
			compatibilityVersion = "Xcode 9.3";
			developmentRegion = en;
			hasScannedForEncodings = 0;
			knownRegions = (
				en,
				Base,
			);
			mainGroup = FCB124FA24F4ECAF004C5527;
			productRefGroup = FCB1250424F4ECAF004C5527 /* Products */;
			projectDirPath = "";
			projectRoot = "";
			targets = (
				FCB1250224F4ECAF004C5527 /* ViewControllerProjesi */,
			);
		};
/* End PBXProject section */

/* Begin PBXResourcesBuildPhase section */
		FCB1250124F4ECAF004C5527 /* Resources */ = {
			isa = PBXResourcesBuildPhase;
			buildActionMask = 2147483647;
			files = (
				FCB1251324F4ECB0004C5527 /* LaunchScreen.storyboard in Resources */,
				FCB1251024F4ECB0004C5527 /* Assets.xcassets in Resources */,
				FCB1250E24F4ECAF004C5527 /* Main.storyboard in Resources */,
			);
			runOnlyForDeploymentPostprocessing = 0;
		};
/* End PBXResourcesBuildPhase section */

/* Begin PBXSourcesBuildPhase section */
		FCB124FF24F4ECAF004C5527 /* Sources */ = {
			isa = PBXSourcesBuildPhase;
			buildActionMask = 2147483647;
			files = (
				FCB1250B24F4ECAF004C5527 /* ViewController.swift in Sources */,
				FCB1250724F4ECAF004C5527 /* AppDelegate.swift in Sources */,
				FCB1250924F4ECAF004C5527 /* SceneDelegate.swift in Sources */,
				FCB1251B24F4EECC004C5527 /* IkinciViewController.swift in Sources */,
			);
			runOnlyForDeploymentPostprocessing = 0;
		};
/* End PBXSourcesBuildPhase section */

/* Begin PBXVariantGroup section */
		FCB1250C24F4ECAF004C5527 /* Main.storyboard */ = {
			isa = PBXVariantGroup;
			children = (
				FCB1250D24F4ECAF004C5527 /* Base */,
			);
			name = Main.storyboard;
			sourceTree = "<group>";
		};
		FCB1251124F4ECB0004C5527 /* LaunchScreen.storyboard */ = {
			isa = PBXVariantGroup;
			children = (
				FCB1251224F4ECB0004C5527 /* Base */,
			);
			name = LaunchScreen.storyboard;
			sourceTree = "<group>";
		};
/* End PBXVariantGroup section */

/* Begin XCBuildConfiguration section */
		FCB1251524F4ECB0004C5527 /* Debug */ = {
			isa = XCBuildConfiguration;
			buildSettings = {
				ALWAYS_SEARCH_USER_PATHS = NO;
				CLANG_ANALYZER_NONNULL = YES;
				CLANG_ANALYZER_NUMBER_OBJECT_CONVERSION = YES_AGGRESSIVE;
				CLANG_CXX_LANGUAGE_STANDARD = "gnu++14";
				CLANG_CXX_LIBRARY = "libc++";
				CLANG_ENABLE_MODULES = YES;
				CLANG_ENABLE_OBJC_ARC = YES;
				CLANG_ENABLE_OBJC_WEAK = YES;
				CLANG_WARN_BLOCK_CAPTURE_AUTORELEASING = YES;
				CLANG_WARN_BOOL_CONVERSION = YES;
				CLANG_WARN_COMMA = YES;
				CLANG_WARN_CONSTANT_CONVERSION = YES;
				CLANG_WARN_DEPRECATED_OBJC_IMPLEMENTATIONS = YES;
				CLANG_WARN_DIRECT_OBJC_ISA_USAGE = YES_ERROR;
				CLANG_WARN_DOCUMENTATION_COMMENTS = YES;
				CLANG_WARN_EMPTY_BODY = YES;
				CLANG_WARN_ENUM_CONVERSION = YES;
				CLANG_WARN_INFINITE_RECURSION = YES;
				CLANG_WARN_INT_CONVERSION = YES;
				CLANG_WARN_NON_LITERAL_NULL_CONVERSION = YES;
				CLANG_WARN_OBJC_IMPLICIT_RETAIN_SELF = YES;
				CLANG_WARN_OBJC_LITERAL_CONVERSION = YES;
				CLANG_WARN_OBJC_ROOT_CLASS = YES_ERROR;
				CLANG_WARN_QUOTED_INCLUDE_IN_FRAMEWORK_HEADER = YES;
				CLANG_WARN_RANGE_LOOP_ANALYSIS = YES;
				CLANG_WARN_STRICT_PROTOTYPES = YES;
				CLANG_WARN_SUSPICIOUS_MOVE = YES;
				CLANG_WARN_UNGUARDED_AVAILABILITY = YES_AGGRESSIVE;
				CLANG_WARN_UNREACHABLE_CODE = YES;
				CLANG_WARN__DUPLICATE_METHOD_MATCH = YES;
				COPY_PHASE_STRIP = NO;
				DEBUG_INFORMATION_FORMAT = dwarf;
				ENABLE_STRICT_OBJC_MSGSEND = YES;
				ENABLE_TESTABILITY = YES;
				GCC_C_LANGUAGE_STANDARD = gnu11;
				GCC_DYNAMIC_NO_PIC = NO;
				GCC_NO_COMMON_BLOCKS = YES;
				GCC_OPTIMIZATION_LEVEL = 0;
				GCC_PREPROCESSOR_DEFINITIONS = (
					"DEBUG=1",
					"$(inherited)",
				);
				GCC_WARN_64_TO_32_BIT_CONVERSION = YES;
				GCC_WARN_ABOUT_RETURN_TYPE = YES_ERROR;
				GCC_WARN_UNDECLARED_SELECTOR = YES;
				GCC_WARN_UNINITIALIZED_AUTOS = YES_AGGRESSIVE;
				GCC_WARN_UNUSED_FUNCTION = YES;
				GCC_WARN_UNUSED_VARIABLE = YES;
				IPHONEOS_DEPLOYMENT_TARGET = 14.0;
				MTL_ENABLE_DEBUG_INFO = INCLUDE_SOURCE;
				MTL_FAST_MATH = YES;
				ONLY_ACTIVE_ARCH = YES;
				SDKROOT = iphoneos;
				SWIFT_ACTIVE_COMPILATION_CONDITIONS = DEBUG;
				SWIFT_OPTIMIZATION_LEVEL = "-Onone";
			};
			name = Debug;
		};
		FCB1251624F4ECB0004C5527 /* Release */ = {
			isa = XCBuildConfiguration;
			buildSettings = {
				ALWAYS_SEARCH_USER_PATHS = NO;
				CLANG_ANALYZER_NONNULL = YES;
				CLANG_ANALYZER_NUMBER_OBJECT_CONVERSION = YES_AGGRESSIVE;
				CLANG_CXX_LANGUAGE_STANDARD = "gnu++14";
				CLANG_CXX_LIBRARY = "libc++";
				CLANG_ENABLE_MODULES = YES;
				CLANG_ENABLE_OBJC_ARC = YES;
				CLANG_ENABLE_OBJC_WEAK = YES;
				CLANG_WARN_BLOCK_CAPTURE_AUTORELEASING = YES;
				CLANG_WARN_BOOL_CONVERSION = YES;
				CLANG_WARN_COMMA = YES;
				CLANG_WARN_CONSTANT_CONVERSION = YES;
				CLANG_WARN_DEPRECATED_OBJC_IMPLEMENTATIONS = YES;
				CLANG_WARN_DIRECT_OBJC_ISA_USAGE = YES_ERROR;
				CLANG_WARN_DOCUMENTATION_COMMENTS = YES;
				CLANG_WARN_EMPTY_BODY = YES;
				CLANG_WARN_ENUM_CONVERSION = YES;
				CLANG_WARN_INFINITE_RECURSION = YES;
				CLANG_WARN_INT_CONVERSION = YES;
				CLANG_WARN_NON_LITERAL_NULL_CONVERSION = YES;
				CLANG_WARN_OBJC_IMPLICIT_RETAIN_SELF = YES;
				CLANG_WARN_OBJC_LITERAL_CONVERSION = YES;
				CLANG_WARN_OBJC_ROOT_CLASS = YES_ERROR;
				CLANG_WARN_QUOTED_INCLUDE_IN_FRAMEWORK_HEADER = YES;
				CLANG_WARN_RANGE_LOOP_ANALYSIS = YES;
				CLANG_WARN_STRICT_PROTOTYPES = YES;
				CLANG_WARN_SUSPICIOUS_MOVE = YES;
				CLANG_WARN_UNGUARDED_AVAILABILITY = YES_AGGRESSIVE;
				CLANG_WARN_UNREACHABLE_CODE = YES;
				CLANG_WARN__DUPLICATE_METHOD_MATCH = YES;
				COPY_PHASE_STRIP = NO;
				DEBUG_INFORMATION_FORMAT = "dwarf-with-dsym";
				ENABLE_NS_ASSERTIONS = NO;
				ENABLE_STRICT_OBJC_MSGSEND = YES;
				GCC_C_LANGUAGE_STANDARD = gnu11;
				GCC_NO_COMMON_BLOCKS = YES;
				GCC_WARN_64_TO_32_BIT_CONVERSION = YES;
				GCC_WARN_ABOUT_RETURN_TYPE = YES_ERROR;
				GCC_WARN_UNDECLARED_SELECTOR = YES;
				GCC_WARN_UNINITIALIZED_AUTOS = YES_AGGRESSIVE;
				GCC_WARN_UNUSED_FUNCTION = YES;
				GCC_WARN_UNUSED_VARIABLE = YES;
				IPHONEOS_DEPLOYMENT_TARGET = 14.0;
				MTL_ENABLE_DEBUG_INFO = NO;
				MTL_FAST_MATH = YES;
				SDKROOT = iphoneos;
				SWIFT_COMPILATION_MODE = wholemodule;
				SWIFT_OPTIMIZATION_LEVEL = "-O";
				VALIDATE_PRODUCT = YES;
			};
			name = Release;
		};
		FCB1251824F4ECB0004C5527 /* Debug */ = {
			isa = XCBuildConfiguration;
			buildSettings = {
				ASSETCATALOG_COMPILER_APPICON_NAME = AppIcon;
				ASSETCATALOG_COMPILER_GLOBAL_ACCENT_COLOR_NAME = AccentColor;
				CODE_SIGN_STYLE = Automatic;
				DEVELOPMENT_TEAM = 7SH627DBA4;
				INFOPLIST_FILE = ViewControllerProjesi/Info.plist;
				LD_RUNPATH_SEARCH_PATHS = (
					"$(inherited)",
					"@executable_path/Frameworks",
				);
				PRODUCT_BUNDLE_IDENTIFIER = com.atilsamancioglu.ViewControllerProjesi;
				PRODUCT_NAME = "$(TARGET_NAME)";
				SWIFT_VERSION = 5.0;
				TARGETED_DEVICE_FAMILY = "1,2";
			};
			name = Debug;
		};
		FCB1251924F4ECB0004C5527 /* Release */ = {
			isa = XCBuildConfiguration;
			buildSettings = {
				ASSETCATALOG_COMPILER_APPICON_NAME = AppIcon;
				ASSETCATALOG_COMPILER_GLOBAL_ACCENT_COLOR_NAME = AccentColor;
				CODE_SIGN_STYLE = Automatic;
				DEVELOPMENT_TEAM = 7SH627DBA4;
				INFOPLIST_FILE = ViewControllerProjesi/Info.plist;
				LD_RUNPATH_SEARCH_PATHS = (
					"$(inherited)",
					"@executable_path/Frameworks",
				);
				PRODUCT_BUNDLE_IDENTIFIER = com.atilsamancioglu.ViewControllerProjesi;
				PRODUCT_NAME = "$(TARGET_NAME)";
				SWIFT_VERSION = 5.0;
				TARGETED_DEVICE_FAMILY = "1,2";
			};
			name = Release;
		};
/* End XCBuildConfiguration section */

/* Begin XCConfigurationList section */
		FCB124FE24F4ECAF004C5527 /* Build configuration list for PBXProject "ViewControllerProjesi" */ = {
			isa = XCConfigurationList;
			buildConfigurations = (
				FCB1251524F4ECB0004C5527 /* Debug */,
				FCB1251624F4ECB0004C5527 /* Release */,
			);
			defaultConfigurationIsVisible = 0;
			defaultConfigurationName = Release;
		};
		FCB1251724F4ECB0004C5527 /* Build configuration list for PBXNativeTarget "ViewControllerProjesi" */ = {
			isa = XCConfigurationList;
			buildConfigurations = (
				FCB1251824F4ECB0004C5527 /* Debug */,
				FCB1251924F4ECB0004C5527 /* Release */,
			);
			defaultConfigurationIsVisible = 0;
			defaultConfigurationName = Release;
		};
/* End XCConfigurationList section */
	};
	rootObject = FCB124FB24F4ECAF004C5527 /* Project object */;
}
